
Microsoft Visual Studio Solution File, Format Version 12.00
# Visual Studio 15
VisualStudioVersion = 15.0.26730.16
MinimumVisualStudioVersion = 10.0.40219.1
Project("{FAE04EC0-301F-11D3-BF4B-00C04F79EFBC}") = "BazaarEksamen", "BazaarEksamen\BazaarEksamen.csproj", "{6ED0EF2E-E95E-4E74-9ACD-A0EC7C83F617}"
EndProject
Global
	GlobalSection(SolutionConfigurationPlatforms) = preSolution
		Debug|Any CPU = Debug|Any CPU
		Release|Any CPU = Release|Any CPU
	EndGlobalSection
	GlobalSection(ProjectConfigurationPlatforms) = postSolution
		{6ED0EF2E-E95E-4E74-9ACD-A0EC7C83F617}.Debug|Any CPU.ActiveCfg = Debug|Any CPU
		{6ED0EF2E-E95E-4E74-9ACD-A0EC7C83F617}.Debug|Any CPU.Build.0 = Debug|Any CPU
		{6ED0EF2E-E95E-4E74-9ACD-A0EC7C83F617}.Release|Any CPU.ActiveCfg = Release|Any CPU
		{6ED0EF2E-E95E-4E74-9ACD-A0EC7C83F617}.Release|Any CPU.Build.0 = Release|Any CPU
	EndGlobalSection
	GlobalSection(SolutionProperties) = preSolution
		HideSolutionNode = FALSE
	EndGlobalSection
	GlobalSection(ExtensibilityGlobals) = postSolution
		SolutionGuid = {9B42358D-C3E3-421D-AD1C-980A14D96111}
	EndGlobalSection
EndGlobal
